
Microsoft Visual Studio Solution File, Format Version 12.00
# Visual Studio Version 17
VisualStudioVersion = 17.2.32526.322
MinimumVisualStudioVersion = 10.0.40219.1
Project("{9A19103F-16F7-4668-BE54-9A1E7A4F7556}") = "Academy.Domain.Tests", "Academy.Domain.Tests\Academy.Domain.Tests.csproj", "{13E70415-5617-411A-8371-93EE06388942}"
EndProject
Project("{FAE04EC0-301F-11D3-BF4B-00C04F79EFBC}") = "Academy.Domain", "Academy.Domain\Academy.Domain.csproj", "{B6FF824B-9BD9-49E9-B274-D007BF0F6877}"
EndProject
Global
	GlobalSection(SolutionConfigurationPlatforms) = preSolution
		Debug|Any CPU = Debug|Any CPU
		Release|Any CPU = Release|Any CPU
	EndGlobalSection
	GlobalSection(ProjectConfigurationPlatforms) = postSolution
		{13E70415-5617-411A-8371-93EE06388942}.Debug|Any CPU.ActiveCfg = Debug|Any CPU
		{13E70415-5617-411A-8371-93EE06388942}.Debug|Any CPU.Build.0 = Debug|Any CPU
		{13E70415-5617-411A-8371-93EE06388942}.Release|Any CPU.ActiveCfg = Release|Any CPU
		{13E70415-5617-411A-8371-93EE06388942}.Release|Any CPU.Build.0 = Release|Any CPU
		{B6FF824B-9BD9-49E9-B274-D007BF0F6877}.Debug|Any CPU.ActiveCfg = Debug|Any CPU
		{B6FF824B-9BD9-49E9-B274-D007BF0F6877}.Debug|Any CPU.Build.0 = Debug|Any CPU
		{B6FF824B-9BD9-49E9-B274-D007BF0F6877}.Release|Any CPU.ActiveCfg = Release|Any CPU
		{B6FF824B-9BD9-49E9-B274-D007BF0F6877}.Release|Any CPU.Build.0 = Release|Any CPU
	EndGlobalSection
	GlobalSection(SolutionProperties) = preSolution
		HideSolutionNode = FALSE
	EndGlobalSection
	GlobalSection(ExtensibilityGlobals) = postSolution
		SolutionGuid = {062B5A70-D786-4864-B2BA-9C64BF7C99FE}
	EndGlobalSection
EndGlobal
